
Microsoft Visual Studio Solution File, Format Version 12.00
# Visual Studio Version 17
VisualStudioVersion = 17.8.34309.116
MinimumVisualStudioVersion = 10.0.40219.1
Project("{FAE04EC0-301F-11D3-BF4B-00C04F79EFBC}") = "BattleshipGame", "BattleshipGame\BattleshipGame.csproj", "{1A31AF0A-9E22-425B-B467-D7CAF97E11D9}"
EndProject
Project("{FAE04EC0-301F-11D3-BF4B-00C04F79EFBC}") = "BattleshipLibrary", "BattleshipLibrary\BattleshipLibrary.csproj", "{D79279A6-0EA5-4F2B-8052-BAEFFC1A1697}"
EndProject
Global
	GlobalSection(SolutionConfigurationPlatforms) = preSolution
		Debug|Any CPU = Debug|Any CPU
		Release|Any CPU = Release|Any CPU
	EndGlobalSection
	GlobalSection(ProjectConfigurationPlatforms) = postSolution
		{1A31AF0A-9E22-425B-B467-D7CAF97E11D9}.Debug|Any CPU.ActiveCfg = Debug|Any CPU
		{1A31AF0A-9E22-425B-B467-D7CAF97E11D9}.Debug|Any CPU.Build.0 = Debug|Any CPU
		{1A31AF0A-9E22-425B-B467-D7CAF97E11D9}.Release|Any CPU.ActiveCfg = Release|Any CPU
		{1A31AF0A-9E22-425B-B467-D7CAF97E11D9}.Release|Any CPU.Build.0 = Release|Any CPU
		{D79279A6-0EA5-4F2B-8052-BAEFFC1A1697}.Debug|Any CPU.ActiveCfg = Debug|Any CPU
		{D79279A6-0EA5-4F2B-8052-BAEFFC1A1697}.Debug|Any CPU.Build.0 = Debug|Any CPU
		{D79279A6-0EA5-4F2B-8052-BAEFFC1A1697}.Release|Any CPU.ActiveCfg = Release|Any CPU
		{D79279A6-0EA5-4F2B-8052-BAEFFC1A1697}.Release|Any CPU.Build.0 = Release|Any CPU
	EndGlobalSection
	GlobalSection(SolutionProperties) = preSolution
		HideSolutionNode = FALSE
	EndGlobalSection
	GlobalSection(ExtensibilityGlobals) = postSolution
		SolutionGuid = {9E2F87EB-294C-4B7B-B681-C1A210B9FEA4}
	EndGlobalSection
EndGlobal
