
Microsoft Visual Studio Solution File, Format Version 12.00
# Visual Studio Version 17
VisualStudioVersion = 17.8.34309.116
MinimumVisualStudioVersion = 10.0.40219.1
Project("{FAE04EC0-301F-11D3-BF4B-00C04F79EFBC}") = "personalResume", "personalResume\personalResume\personalResume.csproj", "{D79275AA-005E-4D0D-9C30-3B9ECE111A8A}"
EndProject
Project("{FAE04EC0-301F-11D3-BF4B-00C04F79EFBC}") = "personalResume.Client", "personalResume\personalResume.Client\personalResume.Client.csproj", "{310BA6B0-0557-4BA9-808A-B367B9DE247C}"
EndProject
Global
	GlobalSection(SolutionConfigurationPlatforms) = preSolution
		Debug|Any CPU = Debug|Any CPU
		Release|Any CPU = Release|Any CPU
	EndGlobalSection
	GlobalSection(ProjectConfigurationPlatforms) = postSolution
		{D79275AA-005E-4D0D-9C30-3B9ECE111A8A}.Debug|Any CPU.ActiveCfg = Debug|Any CPU
		{D79275AA-005E-4D0D-9C30-3B9ECE111A8A}.Debug|Any CPU.Build.0 = Debug|Any CPU
		{D79275AA-005E-4D0D-9C30-3B9ECE111A8A}.Release|Any CPU.ActiveCfg = Release|Any CPU
		{D79275AA-005E-4D0D-9C30-3B9ECE111A8A}.Release|Any CPU.Build.0 = Release|Any CPU
		{310BA6B0-0557-4BA9-808A-B367B9DE247C}.Debug|Any CPU.ActiveCfg = Debug|Any CPU
		{310BA6B0-0557-4BA9-808A-B367B9DE247C}.Debug|Any CPU.Build.0 = Debug|Any CPU
		{310BA6B0-0557-4BA9-808A-B367B9DE247C}.Release|Any CPU.ActiveCfg = Release|Any CPU
		{310BA6B0-0557-4BA9-808A-B367B9DE247C}.Release|Any CPU.Build.0 = Release|Any CPU
	EndGlobalSection
	GlobalSection(SolutionProperties) = preSolution
		HideSolutionNode = FALSE
	EndGlobalSection
	GlobalSection(ExtensibilityGlobals) = postSolution
		SolutionGuid = {661861D0-81D6-40C2-BF4C-EF580222CA3E}
	EndGlobalSection
EndGlobal
