
Microsoft Visual Studio Solution File, Format Version 12.00
# Visual Studio Version 17
VisualStudioVersion = 17.8.34309.116
MinimumVisualStudioVersion = 10.0.40219.1
Project("{FAE04EC0-301F-11D3-BF4B-00C04F79EFBC}") = "SocialHub.Server", "SocialHub.Server\SocialHub.Server.csproj", "{77E2C11F-1D1A-4D69-8C18-12249FFE2511}"
EndProject
Project("{54A90642-561A-4BB1-A94E-469ADEE60C69}") = "socialhub.client", "socialhub.client\socialhub.client.esproj", "{B95FDA26-B9C4-4D16-899A-19E86485A463}"
EndProject
Global
	GlobalSection(SolutionConfigurationPlatforms) = preSolution
		Debug|Any CPU = Debug|Any CPU
		Release|Any CPU = Release|Any CPU
	EndGlobalSection
	GlobalSection(ProjectConfigurationPlatforms) = postSolution
		{77E2C11F-1D1A-4D69-8C18-12249FFE2511}.Debug|Any CPU.ActiveCfg = Debug|Any CPU
		{77E2C11F-1D1A-4D69-8C18-12249FFE2511}.Debug|Any CPU.Build.0 = Debug|Any CPU
		{77E2C11F-1D1A-4D69-8C18-12249FFE2511}.Release|Any CPU.ActiveCfg = Release|Any CPU
		{77E2C11F-1D1A-4D69-8C18-12249FFE2511}.Release|Any CPU.Build.0 = Release|Any CPU
		{B95FDA26-B9C4-4D16-899A-19E86485A463}.Debug|Any CPU.ActiveCfg = Debug|Any CPU
		{B95FDA26-B9C4-4D16-899A-19E86485A463}.Debug|Any CPU.Build.0 = Debug|Any CPU
		{B95FDA26-B9C4-4D16-899A-19E86485A463}.Debug|Any CPU.Deploy.0 = Debug|Any CPU
		{B95FDA26-B9C4-4D16-899A-19E86485A463}.Release|Any CPU.ActiveCfg = Release|Any CPU
		{B95FDA26-B9C4-4D16-899A-19E86485A463}.Release|Any CPU.Build.0 = Release|Any CPU
		{B95FDA26-B9C4-4D16-899A-19E86485A463}.Release|Any CPU.Deploy.0 = Release|Any CPU
	EndGlobalSection
	GlobalSection(SolutionProperties) = preSolution
		HideSolutionNode = FALSE
	EndGlobalSection
	GlobalSection(ExtensibilityGlobals) = postSolution
		SolutionGuid = {E038E0BE-99FE-4982-8C4F-5373D4352701}
	EndGlobalSection
EndGlobal
